
Microsoft Visual Studio Solution File, Format Version 12.00
# Visual Studio Version 17
VisualStudioVersion = 17.6.33723.286
MinimumVisualStudioVersion = 10.0.40219.1
Project("{FAE04EC0-301F-11D3-BF4B-00C04F79EFBC}") = "SaleServer", "SaleServer\SaleServer.csproj", "{4331F653-39DB-46D4-BC56-158D0A7C2BBB}"
EndProject
Global
	GlobalSection(SolutionConfigurationPlatforms) = preSolution
		Debug|Any CPU = Debug|Any CPU
		Release|Any CPU = Release|Any CPU
	EndGlobalSection
	GlobalSection(ProjectConfigurationPlatforms) = postSolution
		{4331F653-39DB-46D4-BC56-158D0A7C2BBB}.Debug|Any CPU.ActiveCfg = Debug|Any CPU
		{4331F653-39DB-46D4-BC56-158D0A7C2BBB}.Debug|Any CPU.Build.0 = Debug|Any CPU
		{4331F653-39DB-46D4-BC56-158D0A7C2BBB}.Release|Any CPU.ActiveCfg = Release|Any CPU
		{4331F653-39DB-46D4-BC56-158D0A7C2BBB}.Release|Any CPU.Build.0 = Release|Any CPU
	EndGlobalSection
	GlobalSection(SolutionProperties) = preSolution
		HideSolutionNode = FALSE
	EndGlobalSection
	GlobalSection(ExtensibilityGlobals) = postSolution
		SolutionGuid = {300FB5D6-305F-4D10-8768-83BD4921B993}
	EndGlobalSection
EndGlobal
